
Microsoft Visual Studio Solution File, Format Version 12.00
# Visual Studio Version 17
VisualStudioVersion = 17.3.32819.101
MinimumVisualStudioVersion = 10.0.40219.1
Project("{9A19103F-16F7-4668-BE54-9A1E7A4F7556}") = "ProjectsTracker", "ProjectsTracker.csproj", "{2D417476-587E-44CA-9935-8A8531E53803}"
EndProject
Global
	GlobalSection(SolutionConfigurationPlatforms) = preSolution
		Debug|Any CPU = Debug|Any CPU
		Release|Any CPU = Release|Any CPU
	EndGlobalSection
	GlobalSection(ProjectConfigurationPlatforms) = postSolution
		{2D417476-587E-44CA-9935-8A8531E53803}.Debug|Any CPU.ActiveCfg = Debug|Any CPU
		{2D417476-587E-44CA-9935-8A8531E53803}.Debug|Any CPU.Build.0 = Debug|Any CPU
		{2D417476-587E-44CA-9935-8A8531E53803}.Release|Any CPU.ActiveCfg = Release|Any CPU
		{2D417476-587E-44CA-9935-8A8531E53803}.Release|Any CPU.Build.0 = Release|Any CPU
	EndGlobalSection
	GlobalSection(SolutionProperties) = preSolution
		HideSolutionNode = FALSE
	EndGlobalSection
	GlobalSection(ExtensibilityGlobals) = postSolution
		SolutionGuid = {6D0A8D6B-3DF4-4401-8D0C-8D32FB3B86F7}
	EndGlobalSection
EndGlobal
